
Microsoft Visual Studio Solution File, Format Version 12.00
# Visual Studio Version 16
VisualStudioVersion = 16.0.31005.135
MinimumVisualStudioVersion = 10.0.40219.1
Project("{FAE04EC0-301F-11D3-BF4B-00C04F79EFBC}") = "WpfAppCore", "WpfAppCore\WpfAppCore.csproj", "{5FE6812E-80C9-4E5D-8542-F0013D4CDEAF}"
EndProject
Global
	GlobalSection(SolutionConfigurationPlatforms) = preSolution
		Debug|Any CPU = Debug|Any CPU
		Release|Any CPU = Release|Any CPU
	EndGlobalSection
	GlobalSection(ProjectConfigurationPlatforms) = postSolution
		{5FE6812E-80C9-4E5D-8542-F0013D4CDEAF}.Debug|Any CPU.ActiveCfg = Debug|Any CPU
		{5FE6812E-80C9-4E5D-8542-F0013D4CDEAF}.Debug|Any CPU.Build.0 = Debug|Any CPU
		{5FE6812E-80C9-4E5D-8542-F0013D4CDEAF}.Release|Any CPU.ActiveCfg = Release|Any CPU
		{5FE6812E-80C9-4E5D-8542-F0013D4CDEAF}.Release|Any CPU.Build.0 = Release|Any CPU
	EndGlobalSection
	GlobalSection(SolutionProperties) = preSolution
		HideSolutionNode = FALSE
	EndGlobalSection
	GlobalSection(ExtensibilityGlobals) = postSolution
		SolutionGuid = {2434680B-33EE-4FAF-904C-5B645584FF68}
	EndGlobalSection
EndGlobal
